// !$*UTF8*$!
{
	archiveVersion = 1;
	classes = {
	};
	objectVersion = 50;
	objects = {

/* Begin PBXBuildFile section */
		643C87662250268C0021653C /* AppDelegate.swift in Sources */ = {isa = PBXBuildFile; fileRef = 643C87652250268C0021653C /* AppDelegate.swift */; };
		643C87682250268C0021653C /* ViewController.swift in Sources */ = {isa = PBXBuildFile; fileRef = 643C87672250268C0021653C /* ViewController.swift */; };
		643C876B2250268C0021653C /* Main.storyboard in Resources */ = {isa = PBXBuildFile; fileRef = 643C87692250268C0021653C /* Main.storyboard */; };
		643C876D2250268D0021653C /* Assets.xcassets in Resources */ = {isa = PBXBuildFile; fileRef = 643C876C2250268D0021653C /* Assets.xcassets */; };
		643C87702250268D0021653C /* LaunchScreen.storyboard in Resources */ = {isa = PBXBuildFile; fileRef = 643C876E2250268D0021653C /* LaunchScreen.storyboard */; };
		643C87752250268D0021653C /* HelloWatch WatchKit App.app in Embed Watch Content */ = {isa = PBXBuildFile; fileRef = 643C87742250268D0021653C /* HelloWatch WatchKit App.app */; };
		643C877B2250268D0021653C /* Interface.storyboard in Resources */ = {isa = PBXBuildFile; fileRef = 643C87792250268D0021653C /* Interface.storyboard */; };
		643C877D2250268D0021653C /* Assets.xcassets in Resources */ = {isa = PBXBuildFile; fileRef = 643C877C2250268D0021653C /* Assets.xcassets */; };
		643C87842250268D0021653C /* HelloWatch WatchKit Extension.appex in Embed App Extensions */ = {isa = PBXBuildFile; fileRef = 643C87832250268D0021653C /* HelloWatch WatchKit Extension.appex */; settings = {ATTRIBUTES = (RemoveHeadersOnCopy, ); }; };
		643C87892250268D0021653C /* InterfaceController.swift in Sources */ = {isa = PBXBuildFile; fileRef = 643C87882250268D0021653C /* InterfaceController.swift */; };
		643C878B2250268D0021653C /* ExtensionDelegate.swift in Sources */ = {isa = PBXBuildFile; fileRef = 643C878A2250268D0021653C /* ExtensionDelegate.swift */; };
		643C878D2250268E0021653C /* Assets.xcassets in Resources */ = {isa = PBXBuildFile; fileRef = 643C878C2250268E0021653C /* Assets.xcassets */; };
/* End PBXBuildFile section */

/* Begin PBXContainerItemProxy section */
		643C87762250268D0021653C /* PBXContainerItemProxy */ = {
			isa = PBXContainerItemProxy;
			containerPortal = 643C875A2250268C0021653C /* Project object */;
			proxyType = 1;
			remoteGlobalIDString = 643C87732250268D0021653C;
			remoteInfo = "HelloWatch WatchKit App";
		};
		643C87852250268D0021653C /* PBXContainerItemProxy */ = {
			isa = PBXContainerItemProxy;
			containerPortal = 643C875A2250268C0021653C /* Project object */;
			proxyType = 1;
			remoteGlobalIDString = 643C87822250268D0021653C;
			remoteInfo = "HelloWatch WatchKit Extension";
		};
/* End PBXContainerItemProxy section */

/* Begin PBXCopyFilesBuildPhase section */
		643C87942250268E0021653C /* Embed App Extensions */ = {
			isa = PBXCopyFilesBuildPhase;
			buildActionMask = 2147483647;
			dstPath = "";
			dstSubfolderSpec = 13;
			files = (
				643C87842250268D0021653C /* HelloWatch WatchKit Extension.appex in Embed App Extensions */,
			);
			name = "Embed App Extensions";
			runOnlyForDeploymentPostprocessing = 0;
		};
		643C87982250268E0021653C /* Embed Watch Content */ = {
			isa = PBXCopyFilesBuildPhase;
			buildActionMask = 2147483647;
			dstPath = "$(CONTENTS_FOLDER_PATH)/Watch";
			dstSubfolderSpec = 16;
			files = (
				643C87752250268D0021653C /* HelloWatch WatchKit App.app in Embed Watch Content */,
			);
			name = "Embed Watch Content";
			runOnlyForDeploymentPostprocessing = 0;
		};
/* End PBXCopyFilesBuildPhase section */

/* Begin PBXFileReference section */
		643C87622250268C0021653C /* HelloWatch.app */ = {isa = PBXFileReference; explicitFileType = wrapper.application; includeInIndex = 0; path = HelloWatch.app; sourceTree = BUILT_PRODUCTS_DIR; };
		643C87652250268C0021653C /* AppDelegate.swift */ = {isa = PBXFileReference; lastKnownFileType = sourcecode.swift; path = AppDelegate.swift; sourceTree = "<group>"; };
		643C87672250268C0021653C /* ViewController.swift */ = {isa = PBXFileReference; lastKnownFileType = sourcecode.swift; path = ViewController.swift; sourceTree = "<group>"; };
		643C876A2250268C0021653C /* Base */ = {isa = PBXFileReference; lastKnownFileType = file.storyboard; name = Base; path = Base.lproj/Main.storyboard; sourceTree = "<group>"; };
		643C876C2250268D0021653C /* Assets.xcassets */ = {isa = PBXFileReference; lastKnownFileType = folder.assetcatalog; path = Assets.xcassets; sourceTree = "<group>"; };
		643C876F2250268D0021653C /* Base */ = {isa = PBXFileReference; lastKnownFileType = file.storyboard; name = Base; path = Base.lproj/LaunchScreen.storyboard; sourceTree = "<group>"; };
		643C87712250268D0021653C /* Info.plist */ = {isa = PBXFileReference; lastKnownFileType = text.plist.xml; path = Info.plist; sourceTree = "<group>"; };
		643C87742250268D0021653C /* HelloWatch WatchKit App.app */ = {isa = PBXFileReference; explicitFileType = wrapper.application; includeInIndex = 0; path = "HelloWatch WatchKit App.app"; sourceTree = BUILT_PRODUCTS_DIR; };
		643C877A2250268D0021653C /* Base */ = {isa = PBXFileReference; lastKnownFileType = file.storyboard; name = Base; path = Base.lproj/Interface.storyboard; sourceTree = "<group>"; };
		643C877C2250268D0021653C /* Assets.xcassets */ = {isa = PBXFileReference; lastKnownFileType = folder.assetcatalog; path = Assets.xcassets; sourceTree = "<group>"; };
		643C877E2250268D0021653C /* Info.plist */ = {isa = PBXFileReference; lastKnownFileType = text.plist.xml; path = Info.plist; sourceTree = "<group>"; };
		643C87832250268D0021653C /* HelloWatch WatchKit Extension.appex */ = {isa = PBXFileReference; explicitFileType = "wrapper.app-extension"; includeInIndex = 0; path = "HelloWatch WatchKit Extension.appex"; sourceTree = BUILT_PRODUCTS_DIR; };
		643C87882250268D0021653C /* InterfaceController.swift */ = {isa = PBXFileReference; lastKnownFileType = sourcecode.swift; path = InterfaceController.swift; sourceTree = "<group>"; };
		643C878A2250268D0021653C /* ExtensionDelegate.swift */ = {isa = PBXFileReference; lastKnownFileType = sourcecode.swift; path = ExtensionDelegate.swift; sourceTree = "<group>"; };
		643C878C2250268E0021653C /* Assets.xcassets */ = {isa = PBXFileReference; lastKnownFileType = folder.assetcatalog; path = Assets.xcassets; sourceTree = "<group>"; };
		643C878E2250268E0021653C /* Info.plist */ = {isa = PBXFileReference; lastKnownFileType = text.plist.xml; path = Info.plist; sourceTree = "<group>"; };
/* End PBXFileReference section */

/* Begin PBXFrameworksBuildPhase section */
		643C875F2250268C0021653C /* Frameworks */ = {
			isa = PBXFrameworksBuildPhase;
			buildActionMask = 2147483647;
			files = (
			);
			runOnlyForDeploymentPostprocessing = 0;
		};
		643C87802250268D0021653C /* Frameworks */ = {
			isa = PBXFrameworksBuildPhase;
			buildActionMask = 2147483647;
			files = (
			);
			runOnlyForDeploymentPostprocessing = 0;
		};
/* End PBXFrameworksBuildPhase section */

/* Begin PBXGroup section */
		643C87592250268C0021653C = {
			isa = PBXGroup;
			children = (
				643C87642250268C0021653C /* HelloWatch */,
				643C87782250268D0021653C /* HelloWatch WatchKit App */,
				643C87872250268D0021653C /* HelloWatch WatchKit Extension */,
				643C87632250268C0021653C /* Products */,
			);
			sourceTree = "<group>";
		};
		643C87632250268C0021653C /* Products */ = {
			isa = PBXGroup;
			children = (
				643C87622250268C0021653C /* HelloWatch.app */,
				643C87742250268D0021653C /* HelloWatch WatchKit App.app */,
				643C87832250268D0021653C /* HelloWatch WatchKit Extension.appex */,
			);
			name = Products;
			sourceTree = "<group>";
		};
		643C87642250268C0021653C /* HelloWatch */ = {
			isa = PBXGroup;
			children = (
				643C87652250268C0021653C /* AppDelegate.swift */,
				643C87672250268C0021653C /* ViewController.swift */,
				643C87692250268C0021653C /* Main.storyboard */,
				643C876C2250268D0021653C /* Assets.xcassets */,
				643C876E2250268D0021653C /* LaunchScreen.storyboard */,
				643C87712250268D0021653C /* Info.plist */,
			);
			path = HelloWatch;
			sourceTree = "<group>";
		};
		643C87782250268D0021653C /* HelloWatch WatchKit App */ = {
			isa = PBXGroup;
			children = (
				643C87792250268D0021653C /* Interface.storyboard */,
				643C877C2250268D0021653C /* Assets.xcassets */,
				643C877E2250268D0021653C /* Info.plist */,
			);
			path = "HelloWatch WatchKit App";
			sourceTree = "<group>";
		};
		643C87872250268D0021653C /* HelloWatch WatchKit Extension */ = {
			isa = PBXGroup;
			children = (
				643C87882250268D0021653C /* InterfaceController.swift */,
				643C878A2250268D0021653C /* ExtensionDelegate.swift */,
				643C878C2250268E0021653C /* Assets.xcassets */,
				643C878E2250268E0021653C /* Info.plist */,
			);
			path = "HelloWatch WatchKit Extension";
			sourceTree = "<group>";
		};
/* End PBXGroup section */

/* Begin PBXNativeTarget section */
		643C87612250268C0021653C /* HelloWatch */ = {
			isa = PBXNativeTarget;
			buildConfigurationList = 643C87992250268E0021653C /* Build configuration list for PBXNativeTarget "HelloWatch" */;
			buildPhases = (
				643C875E2250268C0021653C /* Sources */,
				643C875F2250268C0021653C /* Frameworks */,
				643C87602250268C0021653C /* Resources */,
				643C87982250268E0021653C /* Embed Watch Content */,
			);
			buildRules = (
			);
			dependencies = (
				643C87772250268D0021653C /* PBXTargetDependency */,
			);
			name = HelloWatch;
			productName = HelloWatch;
			productReference = 643C87622250268C0021653C /* HelloWatch.app */;
			productType = "com.apple.product-type.application";
		};
		643C87732250268D0021653C /* HelloWatch WatchKit App */ = {
			isa = PBXNativeTarget;
			buildConfigurationList = 643C87952250268E0021653C /* Build configuration list for PBXNativeTarget "HelloWatch WatchKit App" */;
			buildPhases = (
				643C87722250268D0021653C /* Resources */,
				643C87942250268E0021653C /* Embed App Extensions */,
			);
			buildRules = (
			);
			dependencies = (
				643C87862250268D0021653C /* PBXTargetDependency */,
			);
			name = "HelloWatch WatchKit App";
			productName = "HelloWatch WatchKit App";
			productReference = 643C87742250268D0021653C /* HelloWatch WatchKit App.app */;
			productType = "com.apple.product-type.application.watchapp2";
		};
		643C87822250268D0021653C /* HelloWatch WatchKit Extension */ = {
			isa = PBXNativeTarget;
			buildConfigurationList = 643C87912250268E0021653C /* Build configuration list for PBXNativeTarget "HelloWatch WatchKit Extension" */;
			buildPhases = (
				643C877F2250268D0021653C /* Sources */,
				643C87802250268D0021653C /* Frameworks */,
				643C87812250268D0021653C /* Resources */,
			);
			buildRules = (
			);
			dependencies = (
			);
			name = "HelloWatch WatchKit Extension";
			productName = "HelloWatch WatchKit Extension";
			productReference = 643C87832250268D0021653C /* HelloWatch WatchKit Extension.appex */;
			productType = "com.apple.product-type.watchkit2-extension";
		};
/* End PBXNativeTarget section */

/* Begin PBXProject section */
		643C875A2250268C0021653C /* Project object */ = {
			isa = PBXProject;
			attributes = {
				LastSwiftUpdateCheck = 1010;
				LastUpgradeCheck = 1010;
				ORGANIZATIONNAME = "com.live-learn-lead";
				TargetAttributes = {
					643C87612250268C0021653C = {
						CreatedOnToolsVersion = 10.1;
					};
					643C87732250268D0021653C = {
						CreatedOnToolsVersion = 10.1;
					};
					643C87822250268D0021653C = {
						CreatedOnToolsVersion = 10.1;
					};
				};
			};
			buildConfigurationList = 643C875D2250268C0021653C /* Build configuration list for PBXProject "HelloWatch" */;
			compatibilityVersion = "Xcode 9.3";
			developmentRegion = en;
			hasScannedForEncodings = 0;
			knownRegions = (
				en,
				Base,
			);
			mainGroup = 643C87592250268C0021653C;
			productRefGroup = 643C87632250268C0021653C /* Products */;
			projectDirPath = "";
			projectRoot = "";
			targets = (
				643C87612250268C0021653C /* HelloWatch */,
				643C87732250268D0021653C /* HelloWatch WatchKit App */,
				643C87822250268D0021653C /* HelloWatch WatchKit Extension */,
			);
		};
/* End PBXProject section */

/* Begin PBXResourcesBuildPhase section */
		643C87602250268C0021653C /* Resources */ = {
			isa = PBXResourcesBuildPhase;
			buildActionMask = 2147483647;
			files = (
				643C87702250268D0021653C /* LaunchScreen.storyboard in Resources */,
				643C876D2250268D0021653C /* Assets.xcassets in Resources */,
				643C876B2250268C0021653C /* Main.storyboard in Resources */,
			);
			runOnlyForDeploymentPostprocessing = 0;
		};
		643C87722250268D0021653C /* Resources */ = {
			isa = PBXResourcesBuildPhase;
			buildActionMask = 2147483647;
			files = (
				643C877D2250268D0021653C /* Assets.xcassets in Resources */,
				643C877B2250268D0021653C /* Interface.storyboard in Resources */,
			);
			runOnlyForDeploymentPostprocessing = 0;
		};
		643C87812250268D0021653C /* Resources */ = {
			isa = PBXResourcesBuildPhase;
			buildActionMask = 2147483647;
			files = (
				643C878D2250268E0021653C /* Assets.xcassets in Resources */,
			);
			runOnlyForDeploymentPostprocessing = 0;
		};
/* End PBXResourcesBuildPhase section */

/* Begin PBXSourcesBuildPhase section */
		643C875E2250268C0021653C /* Sources */ = {
			isa = PBXSourcesBuildPhase;
			buildActionMask = 2147483647;
			files = (
				643C87682250268C0021653C /* ViewController.swift in Sources */,
				643C87662250268C0021653C /* AppDelegate.swift in Sources */,
			);
			runOnlyForDeploymentPostprocessing = 0;
		};
		643C877F2250268D0021653C /* Sources */ = {
			isa = PBXSourcesBuildPhase;
			buildActionMask = 2147483647;
			files = (
				643C878B2250268D0021653C /* ExtensionDelegate.swift in Sources */,
				643C87892250268D0021653C /* InterfaceController.swift in Sources */,
			);
			runOnlyForDeploymentPostprocessing = 0;
		};
/* End PBXSourcesBuildPhase section */

/* Begin PBXTargetDependency section */
		643C87772250268D0021653C /* PBXTargetDependency */ = {
			isa = PBXTargetDependency;
			target = 643C87732250268D0021653C /* HelloWatch WatchKit App */;
			targetProxy = 643C87762250268D0021653C /* PBXContainerItemProxy */;
		};
		643C87862250268D0021653C /* PBXTargetDependency */ = {
			isa = PBXTargetDependency;
			target = 643C87822250268D0021653C /* HelloWatch WatchKit Extension */;
			targetProxy = 643C87852250268D0021653C /* PBXContainerItemProxy */;
		};
/* End PBXTargetDependency section */

/* Begin PBXVariantGroup section */
		643C87692250268C0021653C /* Main.storyboard */ = {
			isa = PBXVariantGroup;
			children = (
				643C876A2250268C0021653C /* Base */,
			);
			name = Main.storyboard;
			sourceTree = "<group>";
		};
		643C876E2250268D0021653C /* LaunchScreen.storyboard */ = {
			isa = PBXVariantGroup;
			children = (
				643C876F2250268D0021653C /* Base */,
			);
			name = LaunchScreen.storyboard;
			sourceTree = "<group>";
		};
		643C87792250268D0021653C /* Interface.storyboard */ = {
			isa = PBXVariantGroup;
			children = (
				643C877A2250268D0021653C /* Base */,
			);
			name = Interface.storyboard;
			sourceTree = "<group>";
		};
/* End PBXVariantGroup section */

/* Begin XCBuildConfiguration section */
		643C878F2250268E0021653C /* Debug */ = {
			isa = XCBuildConfiguration;
			buildSettings = {
				ALWAYS_SEARCH_USER_PATHS = NO;
				CLANG_ANALYZER_NONNULL = YES;
				CLANG_ANALYZER_NUMBER_OBJECT_CONVERSION = YES_AGGRESSIVE;
				CLANG_CXX_LANGUAGE_STANDARD = "gnu++14";
				CLANG_CXX_LIBRARY = "libc++";
				CLANG_ENABLE_MODULES = YES;
				CLANG_ENABLE_OBJC_ARC = YES;
				CLANG_ENABLE_OBJC_WEAK = YES;
				CLANG_WARN_BLOCK_CAPTURE_AUTORELEASING = YES;
				CLANG_WARN_BOOL_CONVERSION = YES;
				CLANG_WARN_COMMA = YES;
				CLANG_WARN_CONSTANT_CONVERSION = YES;
				CLANG_WARN_DEPRECATED_OBJC_IMPLEMENTATIONS = YES;
				CLANG_WARN_DIRECT_OBJC_ISA_USAGE = YES_ERROR;
				CLANG_WARN_DOCUMENTATION_COMMENTS = YES;
				CLANG_WARN_EMPTY_BODY = YES;
				CLANG_WARN_ENUM_CONVERSION = YES;
				CLANG_WARN_INFINITE_RECURSION = YES;
				CLANG_WARN_INT_CONVERSION = YES;
				CLANG_WARN_NON_LITERAL_NULL_CONVERSION = YES;
				CLANG_WARN_OBJC_IMPLICIT_RETAIN_SELF = YES;
				CLANG_WARN_OBJC_LITERAL_CONVERSION = YES;
				CLANG_WARN_OBJC_ROOT_CLASS = YES_ERROR;
				CLANG_WARN_RANGE_LOOP_ANALYSIS = YES;
				CLANG_WARN_STRICT_PROTOTYPES = YES;
				CLANG_WARN_SUSPICIOUS_MOVE = YES;
				CLANG_WARN_UNGUARDED_AVAILABILITY = YES_AGGRESSIVE;
				CLANG_WARN_UNREACHABLE_CODE = YES;
				CLANG_WARN__DUPLICATE_METHOD_MATCH = YES;
				CODE_SIGN_IDENTITY = "iPhone Developer";
				COPY_PHASE_STRIP = NO;
				DEBUG_INFORMATION_FORMAT = dwarf;
				ENABLE_STRICT_OBJC_MSGSEND = YES;
				ENABLE_TESTABILITY = YES;
				GCC_C_LANGUAGE_STANDARD = gnu11;
				GCC_DYNAMIC_NO_PIC = NO;
				GCC_NO_COMMON_BLOCKS = YES;
				GCC_OPTIMIZATION_LEVEL = 0;
				GCC_PREPROCESSOR_DEFINITIONS = (
					"DEBUG=1",
					"$(inherited)",
				);
				GCC_WARN_64_TO_32_BIT_CONVERSION = YES;
				GCC_WARN_ABOUT_RETURN_TYPE = YES_ERROR;
				GCC_WARN_UNDECLARED_SELECTOR = YES;
				GCC_WARN_UNINITIALIZED_AUTOS = YES_AGGRESSIVE;
				GCC_WARN_UNUSED_FUNCTION = YES;
				GCC_WARN_UNUSED_VARIABLE = YES;
				IPHONEOS_DEPLOYMENT_TARGET = 12.1;
				MTL_ENABLE_DEBUG_INFO = INCLUDE_SOURCE;
				MTL_FAST_MATH = YES;
				ONLY_ACTIVE_ARCH = YES;
				SDKROOT = iphoneos;
				SWIFT_ACTIVE_COMPILATION_CONDITIONS = DEBUG;
				SWIFT_OPTIMIZATION_LEVEL = "-Onone";
			};
			name = Debug;
		};
		643C87902250268E0021653C /* Release */ = {
			isa = XCBuildConfiguration;
			buildSettings = {
				ALWAYS_SEARCH_USER_PATHS = NO;
				CLANG_ANALYZER_NONNULL = YES;
				CLANG_ANALYZER_NUMBER_OBJECT_CONVERSION = YES_AGGRESSIVE;
				CLANG_CXX_LANGUAGE_STANDARD = "gnu++14";
				CLANG_CXX_LIBRARY = "libc++";
				CLANG_ENABLE_MODULES = YES;
				CLANG_ENABLE_OBJC_ARC = YES;
				CLANG_ENABLE_OBJC_WEAK = YES;
				CLANG_WARN_BLOCK_CAPTURE_AUTORELEASING = YES;
				CLANG_WARN_BOOL_CONVERSION = YES;
				CLANG_WARN_COMMA = YES;
				CLANG_WARN_CONSTANT_CONVERSION = YES;
				CLANG_WARN_DEPRECATED_OBJC_IMPLEMENTATIONS = YES;
				CLANG_WARN_DIRECT_OBJC_ISA_USAGE = YES_ERROR;
				CLANG_WARN_DOCUMENTATION_COMMENTS = YES;
				CLANG_WARN_EMPTY_BODY = YES;
				CLANG_WARN_ENUM_CONVERSION = YES;
				CLANG_WARN_INFINITE_RECURSION = YES;
				CLANG_WARN_INT_CONVERSION = YES;
				CLANG_WARN_NON_LITERAL_NULL_CONVERSION = YES;
				CLANG_WARN_OBJC_IMPLICIT_RETAIN_SELF = YES;
				CLANG_WARN_OBJC_LITERAL_CONVERSION = YES;
				CLANG_WARN_OBJC_ROOT_CLASS = YES_ERROR;
				CLANG_WARN_RANGE_LOOP_ANALYSIS = YES;
				CLANG_WARN_STRICT_PROTOTYPES = YES;
				CLANG_WARN_SUSPICIOUS_MOVE = YES;
				CLANG_WARN_UNGUARDED_AVAILABILITY = YES_AGGRESSIVE;
				CLANG_WARN_UNREACHABLE_CODE = YES;
				CLANG_WARN__DUPLICATE_METHOD_MATCH = YES;
				CODE_SIGN_IDENTITY = "iPhone Developer";
				COPY_PHASE_STRIP = NO;
				DEBUG_INFORMATION_FORMAT = "dwarf-with-dsym";
				ENABLE_NS_ASSERTIONS = NO;
				ENABLE_STRICT_OBJC_MSGSEND = YES;
				GCC_C_LANGUAGE_STANDARD = gnu11;
				GCC_NO_COMMON_BLOCKS = YES;
				GCC_WARN_64_TO_32_BIT_CONVERSION = YES;
				GCC_WARN_ABOUT_RETURN_TYPE = YES_ERROR;
				GCC_WARN_UNDECLARED_SELECTOR = YES;
				GCC_WARN_UNINITIALIZED_AUTOS = YES_AGGRESSIVE;
				GCC_WARN_UNUSED_FUNCTION = YES;
				GCC_WARN_UNUSED_VARIABLE = YES;
				IPHONEOS_DEPLOYMENT_TARGET = 12.1;
				MTL_ENABLE_DEBUG_INFO = NO;
				MTL_FAST_MATH = YES;
				SDKROOT = iphoneos;
				SWIFT_COMPILATION_MODE = wholemodule;
				SWIFT_OPTIMIZATION_LEVEL = "-O";
				VALIDATE_PRODUCT = YES;
			};
			name = Release;
		};
		643C87922250268E0021653C /* Debug */ = {
			isa = XCBuildConfiguration;
			buildSettings = {
				ASSETCATALOG_COMPILER_COMPLICATION_NAME = Complication;
				CODE_SIGN_STYLE = Automatic;
				DEVELOPMENT_TEAM = PU23F63YP4;
				INFOPLIST_FILE = "HelloWatch WatchKit Extension/Info.plist";
				LD_RUNPATH_SEARCH_PATHS = (
					"$(inherited)",
					"@executable_path/Frameworks",
					"@executable_path/../../Frameworks",
				);
				PRODUCT_BUNDLE_IDENTIFIER = "live-learn-lead.HelloWatch.watchkitapp.watchkitextension";
				PRODUCT_NAME = "${TARGET_NAME}";
				SDKROOT = watchos;
				SKIP_INSTALL = YES;
				SWIFT_VERSION = 4.2;
				TARGETED_DEVICE_FAMILY = 4;
				WATCHOS_DEPLOYMENT_TARGET = 5.1;
			};
			name = Debug;
		};
		643C87932250268E0021653C /* Release */ = {
			isa = XCBuildConfiguration;
			buildSettings = {
				ASSETCATALOG_COMPILER_COMPLICATION_NAME = Complication;
				CODE_SIGN_STYLE = Automatic;
				DEVELOPMENT_TEAM = PU23F63YP4;
				INFOPLIST_FILE = "HelloWatch WatchKit Extension/Info.plist";
				LD_RUNPATH_SEARCH_PATHS = (
					"$(inherited)",
					"@executable_path/Frameworks",
					"@executable_path/../../Frameworks",
				);
				PRODUCT_BUNDLE_IDENTIFIER = "live-learn-lead.HelloWatch.watchkitapp.watchkitextension";
				PRODUCT_NAME = "${TARGET_NAME}";
				SDKROOT = watchos;
				SKIP_INSTALL = YES;
				SWIFT_VERSION = 4.2;
				TARGETED_DEVICE_FAMILY = 4;
				WATCHOS_DEPLOYMENT_TARGET = 5.1;
			};
			name = Release;
		};
		643C87962250268E0021653C /* Debug */ = {
			isa = XCBuildConfiguration;
			buildSettings = {
				ALWAYS_EMBED_SWIFT_STANDARD_LIBRARIES = YES;
				ASSETCATALOG_COMPILER_APPICON_NAME = AppIcon;
				CODE_SIGN_STYLE = Automatic;
				DEVELOPMENT_TEAM = PU23F63YP4;
				IBSC_MODULE = HelloWatch_WatchKit_Extension;
				INFOPLIST_FILE = "HelloWatch WatchKit App/Info.plist";
				PRODUCT_BUNDLE_IDENTIFIER = "live-learn-lead.HelloWatch.watchkitapp";
				PRODUCT_NAME = "$(TARGET_NAME)";
				SDKROOT = watchos;
				SKIP_INSTALL = YES;
				SWIFT_VERSION = 4.2;
				TARGETED_DEVICE_FAMILY = 4;
				WATCHOS_DEPLOYMENT_TARGET = 5.1;
			};
			name = Debug;
		};
		643C87972250268E0021653C /* Release */ = {
			isa = XCBuildConfiguration;
			buildSettings = {
				ALWAYS_EMBED_SWIFT_STANDARD_LIBRARIES = YES;
				ASSETCATALOG_COMPILER_APPICON_NAME = AppIcon;
				CODE_SIGN_STYLE = Automatic;
				DEVELOPMENT_TEAM = PU23F63YP4;
				IBSC_MODULE = HelloWatch_WatchKit_Extension;
				INFOPLIST_FILE = "HelloWatch WatchKit App/Info.plist";
				PRODUCT_BUNDLE_IDENTIFIER = "live-learn-lead.HelloWatch.watchkitapp";
				PRODUCT_NAME = "$(TARGET_NAME)";
				SDKROOT = watchos;
				SKIP_INSTALL = YES;
				SWIFT_VERSION = 4.2;
				TARGETED_DEVICE_FAMILY = 4;
				WATCHOS_DEPLOYMENT_TARGET = 5.1;
			};
			name = Release;
		};
		643C879A2250268E0021653C /* Debug */ = {
			isa = XCBuildConfiguration;
			buildSettings = {
				ASSETCATALOG_COMPILER_APPICON_NAME = AppIcon;
				CODE_SIGN_STYLE = Automatic;
				DEVELOPMENT_TEAM = PU23F63YP4;
				INFOPLIST_FILE = HelloWatch/Info.plist;
				LD_RUNPATH_SEARCH_PATHS = (
					"$(inherited)",
					"@executable_path/Frameworks",
				);
				PRODUCT_BUNDLE_IDENTIFIER = "live-learn-lead.HelloWatch";
				PRODUCT_NAME = "$(TARGET_NAME)";
				SWIFT_VERSION = 4.2;
				TARGETED_DEVICE_FAMILY = 1;
			};
			name = Debug;
		};
		643C879B2250268E0021653C /* Release */ = {
			isa = XCBuildConfiguration;
			buildSettings = {
				ASSETCATALOG_COMPILER_APPICON_NAME = AppIcon;
				CODE_SIGN_STYLE = Automatic;
				DEVELOPMENT_TEAM = PU23F63YP4;
				INFOPLIST_FILE = HelloWatch/Info.plist;
				LD_RUNPATH_SEARCH_PATHS = (
					"$(inherited)",
					"@executable_path/Frameworks",
				);
				PRODUCT_BUNDLE_IDENTIFIER = "live-learn-lead.HelloWatch";
				PRODUCT_NAME = "$(TARGET_NAME)";
				SWIFT_VERSION = 4.2;
				TARGETED_DEVICE_FAMILY = 1;
			};
			name = Release;
		};
/* End XCBuildConfiguration section */

/* Begin XCConfigurationList section */
		643C875D2250268C0021653C /* Build configuration list for PBXProject "HelloWatch" */ = {
			isa = XCConfigurationList;
			buildConfigurations = (
				643C878F2250268E0021653C /* Debug */,
				643C87902250268E0021653C /* Release */,
			);
			defaultConfigurationIsVisible = 0;
			defaultConfigurationName = Release;
		};
		643C87912250268E0021653C /* Build configuration list for PBXNativeTarget "HelloWatch WatchKit Extension" */ = {
			isa = XCConfigurationList;
			buildConfigurations = (
				643C87922250268E0021653C /* Debug */,
				643C87932250268E0021653C /* Release */,
			);
			defaultConfigurationIsVisible = 0;
			defaultConfigurationName = Release;
		};
		643C87952250268E0021653C /* Build configuration list for PBXNativeTarget "HelloWatch WatchKit App" */ = {
			isa = XCConfigurationList;
			buildConfigurations = (
				643C87962250268E0021653C /* Debug */,
				643C87972250268E0021653C /* Release */,
			);
			defaultConfigurationIsVisible = 0;
			defaultConfigurationName = Release;
		};
		643C87992250268E0021653C /* Build configuration list for PBXNativeTarget "HelloWatch" */ = {
			isa = XCConfigurationList;
			buildConfigurations = (
				643C879A2250268E0021653C /* Debug */,
				643C879B2250268E0021653C /* Release */,
			);
			defaultConfigurationIsVisible = 0;
			defaultConfigurationName = Release;
		};
/* End XCConfigurationList section */
	};
	rootObject = 643C875A2250268C0021653C /* Project object */;
}
